{
  "name": "test-consumer",
  "version": "1.0.0",
  "lockfileVersion": 2,
  "requires": true,
  "packages": {
    "": {
      "name": "test-consumer",
      "version": "1.0.0",
      "license": "ISC",
      "dependencies": {
        "@fabiuschiang/diff-dinner-entity": "^0.0"
      }
    },
    "node_modules/@fabiuschiang/diff-dinner-entity": {
      "version": "0.0.3",
      "resolved": "https://registry.npmjs.org/@fabiuschiang/diff-dinner-entity/-/diff-dinner-entity-0.0.3.tgz",
      "integrity": "sha512-tuqynothtbvHdOjHwcpU8DhQdEfMBqcXeIFVI8X7RgzY8HAR10fH+2G7/stXDV3oar7ap+mgSambZGdK5ZTg4Q=="
    }
  },
  "dependencies": {
    "@fabiuschiang/diff-dinner-entity": {
      "version": "0.0.3",
      "resolved": "https://registry.npmjs.org/@fabiuschiang/diff-dinner-entity/-/diff-dinner-entity-0.0.3.tgz",
      "integrity": "sha512-tuqynothtbvHdOjHwcpU8DhQdEfMBqcXeIFVI8X7RgzY8HAR10fH+2G7/stXDV3oar7ap+mgSambZGdK5ZTg4Q=="
    }
  }
}
